
Microsoft Visual Studio Solution File, Format Version 12.00
# Visual Studio Version 17
VisualStudioVersion = 17.0.32014.148
MinimumVisualStudioVersion = 10.0.40219.1
Project("{FAE04EC0-301F-11D3-BF4B-00C04F79EFBC}") = "S2S", "S2S\S2S.csproj", "{3C8D28E2-6E21-4D30-88E1-8C485B3F4E08}"
EndProject
Project("{FAE04EC0-301F-11D3-BF4B-00C04F79EFBC}") = "S2S.Models", "S2S.Models\S2S.Models.csproj", "{61477055-4926-426F-80DD-ADC26755A5DF}"
EndProject
Project("{FAE04EC0-301F-11D3-BF4B-00C04F79EFBC}") = "S2S.Repository", "S2S.Repository\S2S.Repository.csproj", "{0E49B31A-58AE-4F8D-A2CF-E19190549E4A}"
EndProject
Global
	GlobalSection(SolutionConfigurationPlatforms) = preSolution
		Debug|Any CPU = Debug|Any CPU
		Release|Any CPU = Release|Any CPU
	EndGlobalSection
	GlobalSection(ProjectConfigurationPlatforms) = postSolution
		{3C8D28E2-6E21-4D30-88E1-8C485B3F4E08}.Debug|Any CPU.ActiveCfg = Debug|Any CPU
		{3C8D28E2-6E21-4D30-88E1-8C485B3F4E08}.Debug|Any CPU.Build.0 = Debug|Any CPU
		{3C8D28E2-6E21-4D30-88E1-8C485B3F4E08}.Release|Any CPU.ActiveCfg = Release|Any CPU
		{3C8D28E2-6E21-4D30-88E1-8C485B3F4E08}.Release|Any CPU.Build.0 = Release|Any CPU
		{61477055-4926-426F-80DD-ADC26755A5DF}.Debug|Any CPU.ActiveCfg = Debug|Any CPU
		{61477055-4926-426F-80DD-ADC26755A5DF}.Debug|Any CPU.Build.0 = Debug|Any CPU
		{61477055-4926-426F-80DD-ADC26755A5DF}.Release|Any CPU.ActiveCfg = Release|Any CPU
		{61477055-4926-426F-80DD-ADC26755A5DF}.Release|Any CPU.Build.0 = Release|Any CPU
		{0E49B31A-58AE-4F8D-A2CF-E19190549E4A}.Debug|Any CPU.ActiveCfg = Debug|Any CPU
		{0E49B31A-58AE-4F8D-A2CF-E19190549E4A}.Debug|Any CPU.Build.0 = Debug|Any CPU
		{0E49B31A-58AE-4F8D-A2CF-E19190549E4A}.Release|Any CPU.ActiveCfg = Release|Any CPU
		{0E49B31A-58AE-4F8D-A2CF-E19190549E4A}.Release|Any CPU.Build.0 = Release|Any CPU
	EndGlobalSection
	GlobalSection(SolutionProperties) = preSolution
		HideSolutionNode = FALSE
	EndGlobalSection
	GlobalSection(ExtensibilityGlobals) = postSolution
		SolutionGuid = {47B6BDC0-257B-4369-BDEE-E2C42A91D06B}
	EndGlobalSection
EndGlobal
